
Microsoft Visual Studio Solution File, Format Version 12.00
# Visual Studio Version 17
VisualStudioVersion = 17.6.33829.357
MinimumVisualStudioVersion = 10.0.40219.1
Project("{888888A0-9F3D-457C-B088-3A5042F75D52}") = "Ver1", "Ver1\Ver1.pyproj", "{A6C0A37B-F453-4622-BBB1-050F15391198}"
EndProject
Global
	GlobalSection(SolutionConfigurationPlatforms) = preSolution
		Debug|Any CPU = Debug|Any CPU
		Release|Any CPU = Release|Any CPU
	EndGlobalSection
	GlobalSection(ProjectConfigurationPlatforms) = postSolution
		{A6C0A37B-F453-4622-BBB1-050F15391198}.Debug|Any CPU.ActiveCfg = Debug|Any CPU
		{A6C0A37B-F453-4622-BBB1-050F15391198}.Release|Any CPU.ActiveCfg = Release|Any CPU
	EndGlobalSection
	GlobalSection(SolutionProperties) = preSolution
		HideSolutionNode = FALSE
	EndGlobalSection
	GlobalSection(ExtensibilityGlobals) = postSolution
		SolutionGuid = {CEC1524E-4C30-4624-A715-39EE5A9C8B00}
	EndGlobalSection
EndGlobal
